
Microsoft Visual Studio Solution File, Format Version 12.00
# Visual Studio Version 17
VisualStudioVersion = 17.1.32421.90
MinimumVisualStudioVersion = 10.0.40219.1
Project("{FAE04EC0-301F-11D3-BF4B-00C04F79EFBC}") = "FriendFace", "SocialMedia\FriendFace.csproj", "{A5E197E0-F70F-4E89-A3A6-1E233AC4739B}"
EndProject
Global
	GlobalSection(SolutionConfigurationPlatforms) = preSolution
		Debug|Any CPU = Debug|Any CPU
		Release|Any CPU = Release|Any CPU
	EndGlobalSection
	GlobalSection(ProjectConfigurationPlatforms) = postSolution
		{A5E197E0-F70F-4E89-A3A6-1E233AC4739B}.Debug|Any CPU.ActiveCfg = Debug|Any CPU
		{A5E197E0-F70F-4E89-A3A6-1E233AC4739B}.Debug|Any CPU.Build.0 = Debug|Any CPU
		{A5E197E0-F70F-4E89-A3A6-1E233AC4739B}.Release|Any CPU.ActiveCfg = Release|Any CPU
		{A5E197E0-F70F-4E89-A3A6-1E233AC4739B}.Release|Any CPU.Build.0 = Release|Any CPU
	EndGlobalSection
	GlobalSection(SolutionProperties) = preSolution
		HideSolutionNode = FALSE
	EndGlobalSection
	GlobalSection(ExtensibilityGlobals) = postSolution
		SolutionGuid = {7DFE9B5B-E1D7-4E9F-BDE7-66D290F5E450}
	EndGlobalSection
EndGlobal
